<?xml version="1.0" encoding="utf-8"?>
<Project ToolsVersion="4.0" xmlns="http://schemas.microsoft.com/developer/msbuild/2003">
  <ItemGroup>
    <ClCompile Include="Debug.cpp" />
    <ClCompile Include="LocationManager.cpp" />
    <ClCompile Include="SceneManager.cpp" />
    <ClCompile Include="Main.cpp" />
    <ClCompile Include="Timer.cpp" />
    <ClCompile Include="tinyxml2.cpp" />
    <ClCompile Include="Window.cpp" />
    <ClCompile Include="Actor.cpp">
      <Filter>Source Files\Actors</Filter>
    </ClCompile>
    <ClCompile Include="AiComponent.cpp">
      <Filter>Source Files\Component</Filter>
    </ClCompile>
    <ClCompile Include="CameraActor.cpp">
      <Filter>Source Files\Actors</Filter>
    </ClCompile>
    <ClCompile Include="LightActor.cpp">
      <Filter>Source Files\Actors</Filter>
    </ClCompile>
    <ClCompile Include="MaterialComponent.cpp">
      <Filter>Source Files\Component</Filter>
    </ClCompile>
    <ClCompile Include="Scene0.cpp">
      <Filter>Source Files\Scenes</Filter>
    </ClCompile>
    <ClCompile Include="Scene1.cpp">
      <Filter>Source Files\Scenes</Filter>
    </ClCompile>
    <ClCompile Include="Scene2.cpp">
      <Filter>Source Files\Scenes</Filter>
    </ClCompile>
    <ClCompile Include="ShaderComponent.cpp">
      <Filter>Source Files\Component</Filter>
    </ClCompile>
    <ClCompile Include="MeshComponent.cpp">
      <Filter>Source Files\Component</Filter>
    </ClCompile>
    <ClCompile Include="TransformComponent.cpp">
      <Filter>Source Files\Component</Filter>
    </ClCompile>
    <ClCompile Include="PhysicsComponent.cpp">
      <Filter>Source Files\Component</Filter>
    </ClCompile>
    <ClCompile Include="PhysicsSystem.cpp">
      <Filter>Source Files\Systems</Filter>
    </ClCompile>
    <ClCompile Include="Graph.cpp" />
    <ClCompile Include="Node.cpp" />
    <ClCompile Include="Tile.cpp" />
    <ClCompile Include="CollisionComponent.cpp">
      <Filter>Source Files\Component</Filter>
    </ClCompile>
    <ClCompile Include="AssetManager.cpp">
      <Filter>Source Files\Systems</Filter>
    </ClCompile>
    <ClCompile Include="CollisionSystem.cpp">
      <Filter>Source Files\Systems</Filter>
    </ClCompile>
    <ClCompile Include="DecisionTreeNode.cpp">
      <Filter>Source Files\DecisionTrees</Filter>
    </ClCompile>
    <ClCompile Include="Action.cpp">
      <Filter>Source Files\DecisionTrees</Filter>
    </ClCompile>
    <ClCompile Include="Decision.cpp">
      <Filter>Source Files\DecisionTrees</Filter>
    </ClCompile>
    <ClCompile Include="FloatDecision.cpp">
      <Filter>Source Files\DecisionTrees</Filter>
    </ClCompile>
    <ClCompile Include="TreeBuilder.cpp">
      <Filter>Source Files\DecisionTrees</Filter>
    </ClCompile>
    <ClCompile Include="Condition.cpp">
      <Filter>Source Files\DecisionTrees</Filter>
    </ClCompile>
    <ClCompile Include="imgui.cpp">
      <Filter>Source Files\ImGUI</Filter>
    </ClCompile>
    <ClCompile Include="imgui_demo.cpp">
      <Filter>Source Files\ImGUI</Filter>
    </ClCompile>
    <ClCompile Include="imgui_draw.cpp">
      <Filter>Source Files\ImGUI</Filter>
    </ClCompile>
    <ClCompile Include="imgui_tables.cpp">
      <Filter>Source Files\ImGUI</Filter>
    </ClCompile>
    <ClCompile Include="imgui_widgets.cpp">
      <Filter>Source Files\ImGUI</Filter>
    </ClCompile>
    <ClCompile Include="imgui_impl_opengl3.cpp">
      <Filter>Source Files\ImGUI</Filter>
    </ClCompile>
    <ClCompile Include="imgui_impl_sdl2.cpp">
      <Filter>Source Files\ImGUI</Filter>
    </ClCompile>
    <ClCompile Include="BillBoardedCameraActor.cpp">
      <Filter>Source Files\Actors</Filter>
    </ClCompile>
    <ClCompile Include="ScottCollisionSystem.cpp">
      <Filter>Source Files\Systems</Filter>
    </ClCompile>
    <ClCompile Include="ScottCollisionComponent.cpp">
      <Filter>Source Files\Component</Filter>
    </ClCompile>
    <ClCompile Include="Scene3.cpp">
      <Filter>Source Files\Scenes</Filter>
    </ClCompile>
  </ItemGroup>
  <ItemGroup>
    <ClInclude Include="Actor.h">
      <Filter>Header Files\Actors</Filter>
    </ClInclude>
    <ClInclude Include="CameraActor.h">
      <Filter>Header Files\Actors</Filter>
    </ClInclude>
    <ClInclude Include="LightActor.h">
      <Filter>Header Files\Actors</Filter>
    </ClInclude>
    <ClInclude Include="AiComponent.h">
      <Filter>Header Files\Components</Filter>
    </ClInclude>
    <ClInclude Include="Component.h">
      <Filter>Header Files\Components</Filter>
    </ClInclude>
    <ClInclude Include="MaterialComponent.h">
      <Filter>Header Files\Components</Filter>
    </ClInclude>
    <ClInclude Include="Scene2.h">
      <Filter>Header Files\Scenes</Filter>
    </ClInclude>
    <ClInclude Include="Scene1.h">
      <Filter>Header Files\Scenes</Filter>
    </ClInclude>
    <ClInclude Include="Scene.h">
      <Filter>Header Files\Scenes</Filter>
    </ClInclude>
    <ClInclude Include="Scene0.h">
      <Filter>Header Files\Scenes</Filter>
    </ClInclude>
    <ClInclude Include="ShaderComponent.h">
      <Filter>Header Files\Components</Filter>
    </ClInclude>
    <ClInclude Include="MeshComponent.h">
      <Filter>Header Files\Components</Filter>
    </ClInclude>
    <ClInclude Include="TransformComponent.h">
      <Filter>Header Files\Components</Filter>
    </ClInclude>
    <ClInclude Include="Debug.h">
      <Filter>Header Files</Filter>
    </ClInclude>
    <ClInclude Include="LocationManager.h">
      <Filter>Header Files</Filter>
    </ClInclude>
    <ClInclude Include="resource.h">
      <Filter>Header Files</Filter>
    </ClInclude>
    <ClInclude Include="SceneManager.h">
      <Filter>Header Files</Filter>
    </ClInclude>
    <ClInclude Include="Timer.h">
      <Filter>Header Files</Filter>
    </ClInclude>
    <ClInclude Include="tinyxml2.h">
      <Filter>Header Files</Filter>
    </ClInclude>
    <ClInclude Include="UBO_Padding.h">
      <Filter>Header Files</Filter>
    </ClInclude>
    <ClInclude Include="Window.h">
      <Filter>Header Files</Filter>
    </ClInclude>
    <ClInclude Include="PhysicsComponent.h">
      <Filter>Header Files\Components</Filter>
    </ClInclude>
    <ClInclude Include="PhysicsSystem.h">
      <Filter>Header Files\Systems</Filter>
    </ClInclude>
    <ClInclude Include="Graph.h">
      <Filter>Header Files</Filter>
    </ClInclude>
    <ClInclude Include="Node.h">
      <Filter>Header Files</Filter>
    </ClInclude>
    <ClInclude Include="Tile.h">
      <Filter>Header Files</Filter>
    </ClInclude>
    <ClInclude Include="CollisionComponent.h">
      <Filter>Header Files\Components</Filter>
    </ClInclude>
    <ClInclude Include="AssetManager.h">
      <Filter>Header Files\Systems</Filter>
    </ClInclude>
    <ClInclude Include="Sphere.h">
      <Filter>Header Files</Filter>
    </ClInclude>
    <ClInclude Include="CollisionSystem.h">
      <Filter>Header Files\Systems</Filter>
    </ClInclude>
    <ClInclude Include="DecisionTreeNode.h">
      <Filter>Header Files\DecisionTrees</Filter>
    </ClInclude>
    <ClInclude Include="Action.h">
      <Filter>Header Files\DecisionTrees</Filter>
    </ClInclude>
    <ClInclude Include="Decision.h">
      <Filter>Header Files\DecisionTrees</Filter>
    </ClInclude>
    <ClInclude Include="FloatDecision.h">
      <Filter>Header Files\DecisionTrees</Filter>
    </ClInclude>
    <ClInclude Include="TreeBuilder.h">
      <Filter>Header Files\DecisionTrees</Filter>
    </ClInclude>
    <ClInclude Include="Condition.h">
      <Filter>Header Files\DecisionTrees</Filter>
    </ClInclude>
    <ClInclude Include="PlayerInRangeCondition.h">
      <Filter>Header Files\DecisionTrees</Filter>
    </ClInclude>
    <ClInclude Include="EnemyHealthCondition.h">
      <Filter>Header Files\DecisionTrees</Filter>
    </ClInclude>
    <ClInclude Include="Timing.h">
      <Filter>Header Files</Filter>
    </ClInclude>
    <ClInclude Include="imgui.h">
      <Filter>Header Files\ImGUI</Filter>
    </ClInclude>
    <ClInclude Include="imgui_impl_opengl3.h">
      <Filter>Header Files\ImGUI</Filter>
    </ClInclude>
    <ClInclude Include="imgui_impl_sdl2.h">
      <Filter>Header Files\ImGUI</Filter>
    </ClInclude>
    <ClInclude Include="imconfig.h">
      <Filter>Header Files\ImGUI</Filter>
    </ClInclude>
    <ClInclude Include="imgui_internal.h">
      <Filter>Header Files\ImGUI</Filter>
    </ClInclude>
    <ClInclude Include="imstb_rectpack.h">
      <Filter>Header Files\ImGUI</Filter>
    </ClInclude>
    <ClInclude Include="imstb_textedit.h">
      <Filter>Header Files\ImGUI</Filter>
    </ClInclude>
    <ClInclude Include="imstb_truetype.h">
      <Filter>Header Files\ImGUI</Filter>
    </ClInclude>
    <ClInclude Include="imgui_impl_opengl3_loader.h">
      <Filter>Header Files\ImGUI</Filter>
    </ClInclude>
    <ClInclude Include="MemoryMonitoring.h">
      <Filter>Header Files</Filter>
    </ClInclude>
    <ClInclude Include="BillBoardedCameraActor.h">
      <Filter>Header Files\Actors</Filter>
    </ClInclude>
    <ClInclude Include="ScottCollisionComponent.h">
      <Filter>Header Files\Components</Filter>
    </ClInclude>
    <ClInclude Include="ScottCollisionSystem.h">
      <Filter>Header Files\Systems</Filter>
    </ClInclude>
    <ClInclude Include="Scene3.h">
      <Filter>Header Files\Scenes</Filter>
    </ClInclude>
  </ItemGroup>
  <ItemGroup>
    <None Include="shaders\defaultFrag.glsl">
      <Filter>Resource Files</Filter>
    </None>
    <None Include="shaders\defaultVert.glsl">
      <Filter>Resource Files</Filter>
    </None>
    <None Include="shaders\drawNormalsFrag.glsl">
      <Filter>Resource Files</Filter>
    </None>
    <None Include="shaders\drawNormalsGeom.glsl">
      <Filter>Resource Files</Filter>
    </None>
    <None Include="shaders\drawNormalsVert.glsl">
      <Filter>Resource Files</Filter>
    </None>
    <None Include="shaders\colorPickingVert.glsl">
      <Filter>Resource Files</Filter>
    </None>
    <None Include="shaders\colorPickingFrag.glsl">
      <Filter>Resource Files</Filter>
    </None>
    <None Include="shaders\shadowDepthFrag.glsl">
      <Filter>Resource Files</Filter>
    </None>
    <None Include="shaders\shadowDepthVert.glsl">
      <Filter>Resource Files</Filter>
    </None>
    <None Include="shaders\textureFrag.glsl">
      <Filter>Resource Files</Filter>
    </None>
    <None Include="shaders\textureVert.glsl">
      <Filter>Resource Files</Filter>
    </None>
    <None Include="shaders\wireFrameFrag.glsl">
      <Filter>Resource Files</Filter>
    </None>
    <None Include="shaders\wireFrameGeom.glsl">
      <Filter>Resource Files</Filter>
    </None>
    <None Include="shaders\wireFrameVert.glsl">
      <Filter>Resource Files</Filter>
    </None>
    <None Include="shaders\BillBoardingFrag.glsl">
      <Filter>Resource Files</Filter>
    </None>
    <None Include="shaders\BillBoardingVert.glsl">
      <Filter>Resource Files</Filter>
    </None>
  </ItemGroup>
  <ItemGroup>
    <Filter Include="Header Files">
      <UniqueIdentifier>{ea2081a9-5411-4784-a3be-b06d88fea63e}</UniqueIdentifier>
    </Filter>
    <Filter Include="Source Files">
      <UniqueIdentifier>{7c80c822-cd0b-4a8c-beba-a4a970549317}</UniqueIdentifier>
    </Filter>
    <Filter Include="Resource Files">
      <UniqueIdentifier>{6d0c2ac8-d5d7-4a2a-9815-edea1d2a6cb1}</UniqueIdentifier>
    </Filter>
    <Filter Include="Header Files\Actors">
      <UniqueIdentifier>{4402cfd5-8ae9-40c6-818f-3866917c19fc}</UniqueIdentifier>
    </Filter>
    <Filter Include="Header Files\Components">
      <UniqueIdentifier>{ef714aeb-a768-4db6-866d-b2e53897b69b}</UniqueIdentifier>
    </Filter>
    <Filter Include="Header Files\Scenes">
      <UniqueIdentifier>{bdc09dca-47fe-4715-8e19-92a6f3bcf7ad}</UniqueIdentifier>
    </Filter>
    <Filter Include="Source Files\Actors">
      <UniqueIdentifier>{2030e4c2-1cb1-4625-aa98-36bd767c1c32}</UniqueIdentifier>
    </Filter>
    <Filter Include="Source Files\Component">
      <UniqueIdentifier>{9b589415-4e9e-4d56-aeb5-d10aae70aa21}</UniqueIdentifier>
    </Filter>
    <Filter Include="Source Files\Scenes">
      <UniqueIdentifier>{85756b72-0455-4c1a-8147-cd21bff141c7}</UniqueIdentifier>
    </Filter>
    <Filter Include="Header Files\Systems">
      <UniqueIdentifier>{51e441ff-4712-4ece-8c48-b2a7efaaccb3}</UniqueIdentifier>
    </Filter>
    <Filter Include="Source Files\Systems">
      <UniqueIdentifier>{8fd61de0-128c-4ec6-a95b-100dc8f69b4a}</UniqueIdentifier>
    </Filter>
    <Filter Include="Header Files\DecisionTrees">
      <UniqueIdentifier>{3b8b65b4-8bd2-4986-a620-8bf640ccae00}</UniqueIdentifier>
    </Filter>
    <Filter Include="Source Files\DecisionTrees">
      <UniqueIdentifier>{139c0161-ef83-49fc-ac2a-4c9429eed1a1}</UniqueIdentifier>
    </Filter>
    <Filter Include="Header Files\ImGUI">
      <UniqueIdentifier>{017158b6-fc51-4e7a-b963-7cc0aba5dccf}</UniqueIdentifier>
    </Filter>
    <Filter Include="Source Files\ImGUI">
      <UniqueIdentifier>{9be7abfc-181e-4b29-be24-48b2d8d12b42}</UniqueIdentifier>
    </Filter>
  </ItemGroup>
  <ItemGroup>
    <Text Include="GameEngineLog.txt">
      <Filter>Resource Files</Filter>
    </Text>
  </ItemGroup>
  <ItemGroup>
    <Xml Include="DecisionTree.xml">
      <Filter>Resource Files</Filter>
    </Xml>
    <Xml Include="Scene1.xml">
      <Filter>Resource Files</Filter>
    </Xml>
  </ItemGroup>
</Project>