<?xml version="1.0" encoding="utf-8"?>
<Project ToolsVersion="4.0" xmlns="http://schemas.microsoft.com/developer/msbuild/2003">
  <ItemGroup>
    <ClCompile Include="Actor.cpp" />
    <ClCompile Include="AiComponent.cpp" />
    <ClCompile Include="AssetManager.cpp" />
    <ClCompile Include="CameraActor.cpp" />
    <ClCompile Include="Debug.cpp" />
    <ClCompile Include="EMath.cpp" />
    <ClCompile Include="LightActor.cpp" />
    <ClCompile Include="LocationManager.cpp" />
    <ClCompile Include="MaterialComponent.cpp" />
    <ClCompile Include="MeshComponent.cpp" />
    <ClCompile Include="QMath.cpp" />
    <ClCompile Include="Scene1.cpp" />
    <ClCompile Include="Scene2.cpp" />
    <ClCompile Include="SceneManager.cpp" />
    <ClCompile Include="Main.cpp" />
    <ClCompile Include="MMath.cpp" />
    <ClCompile Include="Scene0.cpp" />
    <ClCompile Include="ShaderComponent.cpp" />
    <ClCompile Include="Timer.cpp" />
    <ClCompile Include="tinyxml2.cpp" />
    <ClCompile Include="TransformComponent.cpp" />
    <ClCompile Include="VMath.cpp" />
    <ClCompile Include="Window.cpp" />
  </ItemGroup>
  <ItemGroup>
    <ClInclude Include="Actor.h" />
    <ClInclude Include="AiComponent.h" />
    <ClInclude Include="AssetManager.h" />
    <ClInclude Include="AxisAngle.h" />
    <ClInclude Include="CameraActor.h" />
    <ClInclude Include="Component.h" />
    <ClInclude Include="Debug.h" />
    <ClInclude Include="EMath.h" />
    <ClInclude Include="Euler.h" />
    <ClInclude Include="LightActor.h" />
    <ClInclude Include="LocationManager.h" />
    <ClInclude Include="MaterialComponent.h" />
    <ClInclude Include="MeshComponent.h" />
    <ClInclude Include="QMath.h" />
    <ClInclude Include="Quaternion.h" />
    <ClInclude Include="resource.h" />
    <ClInclude Include="Scene1.h" />
    <ClInclude Include="Scene2.h" />
    <ClInclude Include="SceneManager.h" />
    <ClInclude Include="Matrix.h" />
    <ClInclude Include="MMath.h" />
    <ClInclude Include="Plane.h" />
    <ClInclude Include="Scene.h" />
    <ClInclude Include="Scene0.h" />
    <ClInclude Include="ShaderComponent.h" />
    <ClInclude Include="Sphere.h" />
    <ClInclude Include="Timer.h" />
    <ClInclude Include="tinyxml2.h" />
    <ClInclude Include="TransformComponent.h" />
    <ClInclude Include="UBO_Padding.h" />
    <ClInclude Include="Vector.h" />
    <ClInclude Include="VMath.h" />
    <ClInclude Include="Window.h" />
  </ItemGroup>
  <ItemGroup>
    <None Include="shaders\colorPickingFrag.glsl" />
    <None Include="shaders\colorPickingVert.glsl" />
    <None Include="shaders\defaultFrag.glsl" />
    <None Include="shaders\defaultVert.glsl" />
    <None Include="shaders\drawNormalsFrag.glsl" />
    <None Include="shaders\drawNormalsGeom.glsl" />
    <None Include="shaders\drawNormalsVert.glsl" />
    <None Include="shaders\shadowDepthFrag.glsl" />
    <None Include="shaders\shadowDepthVert.glsl" />
    <None Include="shaders\textureFrag.glsl" />
    <None Include="shaders\textureVert.glsl" />
    <None Include="shaders\wireFrameFrag.glsl" />
    <None Include="shaders\wireFrameGeom.glsl" />
    <None Include="shaders\wireFrameVert.glsl" />
  </ItemGroup>
  <ItemGroup>
    <Text Include="GameEngineLog.txt" />
  </ItemGroup>
  <ItemGroup>
    <Filter Include="Header Files">
      <UniqueIdentifier>{ea2081a9-5411-4784-a3be-b06d88fea63e}</UniqueIdentifier>
    </Filter>
    <Filter Include="Source Files">
      <UniqueIdentifier>{7c80c822-cd0b-4a8c-beba-a4a970549317}</UniqueIdentifier>
    </Filter>
    <Filter Include="Resource Files">
      <UniqueIdentifier>{6d0c2ac8-d5d7-4a2a-9815-edea1d2a6cb1}</UniqueIdentifier>
    </Filter>
  </ItemGroup>
</Project>